
Microsoft Visual Studio Solution File, Format Version 12.00
# Visual Studio Version 16
VisualStudioVersion = 16.0.29613.14
MinimumVisualStudioVersion = 10.0.40219.1
Project("{FAE04EC0-301F-11D3-BF4B-00C04F79EFBC}") = "Iterativestmts", "Iterativestmts.csproj", "{93888C89-B7C0-4467-8492-B2788931370F}"
EndProject
Global
	GlobalSection(SolutionConfigurationPlatforms) = preSolution
		Debug|Any CPU = Debug|Any CPU
		Release|Any CPU = Release|Any CPU
	EndGlobalSection
	GlobalSection(ProjectConfigurationPlatforms) = postSolution
		{93888C89-B7C0-4467-8492-B2788931370F}.Debug|Any CPU.ActiveCfg = Debug|Any CPU
		{93888C89-B7C0-4467-8492-B2788931370F}.Debug|Any CPU.Build.0 = Debug|Any CPU
		{93888C89-B7C0-4467-8492-B2788931370F}.Release|Any CPU.ActiveCfg = Release|Any CPU
		{93888C89-B7C0-4467-8492-B2788931370F}.Release|Any CPU.Build.0 = Release|Any CPU
	EndGlobalSection
	GlobalSection(SolutionProperties) = preSolution
		HideSolutionNode = FALSE
	EndGlobalSection
	GlobalSection(ExtensibilityGlobals) = postSolution
		SolutionGuid = {1CFBEB61-D913-4FDF-A7DD-97D12656C049}
	EndGlobalSection
EndGlobal
